
Microsoft Visual Studio Solution File, Format Version 12.00
# Visual Studio Version 16
VisualStudioVersion = 16.0.30711.63
MinimumVisualStudioVersion = 10.0.40219.1
Project("{FAE04EC0-301F-11D3-BF4B-00C04F79EFBC}") = "WebAPI", "WebAPI\WebAPI.csproj", "{A804DBDF-F313-4349-9F3E-0D6C663CD0F8}"
EndProject
Project("{2150E333-8FDC-42A3-9474-1A3956D46DE8}") = "01. Presentation", "01. Presentation", "{65FCF4F8-6856-4071-91E4-EB5261A059D0}"
EndProject
Global
	GlobalSection(SolutionConfigurationPlatforms) = preSolution
		Debug|Any CPU = Debug|Any CPU
		Release|Any CPU = Release|Any CPU
	EndGlobalSection
	GlobalSection(ProjectConfigurationPlatforms) = postSolution
		{A804DBDF-F313-4349-9F3E-0D6C663CD0F8}.Debug|Any CPU.ActiveCfg = Debug|Any CPU
		{A804DBDF-F313-4349-9F3E-0D6C663CD0F8}.Debug|Any CPU.Build.0 = Debug|Any CPU
		{A804DBDF-F313-4349-9F3E-0D6C663CD0F8}.Release|Any CPU.ActiveCfg = Release|Any CPU
		{A804DBDF-F313-4349-9F3E-0D6C663CD0F8}.Release|Any CPU.Build.0 = Release|Any CPU
	EndGlobalSection
	GlobalSection(SolutionProperties) = preSolution
		HideSolutionNode = FALSE
	EndGlobalSection
	GlobalSection(NestedProjects) = preSolution
		{A804DBDF-F313-4349-9F3E-0D6C663CD0F8} = {65FCF4F8-6856-4071-91E4-EB5261A059D0}
	EndGlobalSection
	GlobalSection(ExtensibilityGlobals) = postSolution
		SolutionGuid = {524F6D99-71A7-426A-8968-9702C3FF557B}
	EndGlobalSection
EndGlobal
